
Microsoft Visual Studio Solution File, Format Version 12.00
# Visual Studio 14
VisualStudioVersion = 14.0.25123.0
MinimumVisualStudioVersion = 10.0.40219.1
Project("{FAE04EC0-301F-11D3-BF4B-00C04F79EFBC}") = "Ebuy.Website", "Ebuy.Website\Ebuy.Website.csproj", "{6FB427E0-54BC-4F02-AD3F-6E62D4E5AEE2}"
EndProject
Project("{FAE04EC0-301F-11D3-BF4B-00C04F79EFBC}") = "Ebuy.Website.Tests", "Ebuy.Website.Tests\Ebuy.Website.Tests.csproj", "{39A0128E-FF8B-401D-B6A2-306175221455}"
EndProject
Global
	GlobalSection(SolutionConfigurationPlatforms) = preSolution
		Debug|Any CPU = Debug|Any CPU
		Release|Any CPU = Release|Any CPU
	EndGlobalSection
	GlobalSection(ProjectConfigurationPlatforms) = postSolution
		{6FB427E0-54BC-4F02-AD3F-6E62D4E5AEE2}.Debug|Any CPU.ActiveCfg = Debug|Any CPU
		{6FB427E0-54BC-4F02-AD3F-6E62D4E5AEE2}.Debug|Any CPU.Build.0 = Debug|Any CPU
		{6FB427E0-54BC-4F02-AD3F-6E62D4E5AEE2}.Release|Any CPU.ActiveCfg = Release|Any CPU
		{6FB427E0-54BC-4F02-AD3F-6E62D4E5AEE2}.Release|Any CPU.Build.0 = Release|Any CPU
		{39A0128E-FF8B-401D-B6A2-306175221455}.Debug|Any CPU.ActiveCfg = Debug|Any CPU
		{39A0128E-FF8B-401D-B6A2-306175221455}.Debug|Any CPU.Build.0 = Debug|Any CPU
		{39A0128E-FF8B-401D-B6A2-306175221455}.Release|Any CPU.ActiveCfg = Release|Any CPU
		{39A0128E-FF8B-401D-B6A2-306175221455}.Release|Any CPU.Build.0 = Release|Any CPU
	EndGlobalSection
	GlobalSection(SolutionProperties) = preSolution
		HideSolutionNode = FALSE
	EndGlobalSection
EndGlobal
